
Microsoft Visual Studio Solution File, Format Version 12.00
# Visual Studio Version 17
VisualStudioVersion = 17.7.34031.279
MinimumVisualStudioVersion = 10.0.40219.1
Project("{FAE04EC0-301F-11D3-BF4B-00C04F79EFBC}") = "LoginApp", "LoginApp\LoginApp.csproj", "{B739BEFA-54FB-496A-9208-E33C6B3E1E10}"
EndProject
Global
	GlobalSection(SolutionConfigurationPlatforms) = preSolution
		Debug|Any CPU = Debug|Any CPU
		Release|Any CPU = Release|Any CPU
	EndGlobalSection
	GlobalSection(ProjectConfigurationPlatforms) = postSolution
		{B739BEFA-54FB-496A-9208-E33C6B3E1E10}.Debug|Any CPU.ActiveCfg = Debug|Any CPU
		{B739BEFA-54FB-496A-9208-E33C6B3E1E10}.Debug|Any CPU.Build.0 = Debug|Any CPU
		{B739BEFA-54FB-496A-9208-E33C6B3E1E10}.Release|Any CPU.ActiveCfg = Release|Any CPU
		{B739BEFA-54FB-496A-9208-E33C6B3E1E10}.Release|Any CPU.Build.0 = Release|Any CPU
	EndGlobalSection
	GlobalSection(SolutionProperties) = preSolution
		HideSolutionNode = FALSE
	EndGlobalSection
	GlobalSection(ExtensibilityGlobals) = postSolution
		SolutionGuid = {40B46A50-2CEF-47E2-9B6E-5BE8D79014F2}
	EndGlobalSection
EndGlobal
